
Microsoft Visual Studio Solution File, Format Version 12.00
# Visual Studio 14
VisualStudioVersion = 14.0.23107.0
MinimumVisualStudioVersion = 10.0.40219.1
Project("{888888A0-9F3D-457C-B088-3A5042F75D52}") = "MyFlaskWeb", "MyFlaskWeb\MyFlaskWeb.pyproj", "{63BD6A66-80C7-40E8-80E8-40E2C760C3E6}"
EndProject
Project("{888888A0-9F3D-457C-B088-3A5042F75D52}") = "FlaskBlog", "FlaskBlog\FlaskBlog.pyproj", "{F2B73F01-9E09-4768-B16F-CB6D23E576B8}"
EndProject
Project("{888888A0-9F3D-457C-B088-3A5042F75D52}") = "microblog", "microblog\microblog.pyproj", "{75052682-197A-4275-9983-713B048DDB0A}"
EndProject
Global
	GlobalSection(SolutionConfigurationPlatforms) = preSolution
		Debug|Any CPU = Debug|Any CPU
		Release|Any CPU = Release|Any CPU
	EndGlobalSection
	GlobalSection(ProjectConfigurationPlatforms) = postSolution
		{63BD6A66-80C7-40E8-80E8-40E2C760C3E6}.Debug|Any CPU.ActiveCfg = Debug|Any CPU
		{63BD6A66-80C7-40E8-80E8-40E2C760C3E6}.Debug|Any CPU.Build.0 = Debug|Any CPU
		{63BD6A66-80C7-40E8-80E8-40E2C760C3E6}.Release|Any CPU.ActiveCfg = Release|Any CPU
		{63BD6A66-80C7-40E8-80E8-40E2C760C3E6}.Release|Any CPU.Build.0 = Release|Any CPU
		{F2B73F01-9E09-4768-B16F-CB6D23E576B8}.Debug|Any CPU.ActiveCfg = Debug|Any CPU
		{F2B73F01-9E09-4768-B16F-CB6D23E576B8}.Debug|Any CPU.Build.0 = Debug|Any CPU
		{F2B73F01-9E09-4768-B16F-CB6D23E576B8}.Release|Any CPU.ActiveCfg = Release|Any CPU
		{F2B73F01-9E09-4768-B16F-CB6D23E576B8}.Release|Any CPU.Build.0 = Release|Any CPU
		{75052682-197A-4275-9983-713B048DDB0A}.Debug|Any CPU.ActiveCfg = Debug|Any CPU
		{75052682-197A-4275-9983-713B048DDB0A}.Release|Any CPU.ActiveCfg = Release|Any CPU
	EndGlobalSection
	GlobalSection(SolutionProperties) = preSolution
		HideSolutionNode = FALSE
	EndGlobalSection
EndGlobal
